
Microsoft Visual Studio Solution File, Format Version 12.00
# Visual Studio Version 17
VisualStudioVersion = 17.4.33403.182
MinimumVisualStudioVersion = 10.0.40219.1
Project("{FAE04EC0-301F-11D3-BF4B-00C04F79EFBC}") = "Dynacoop.Logistics.Plugin", "Tcc.Dynacoop.Equipe4.Plugin\Dynacoop.Logistics.Plugin.csproj", "{27B54BE2-4738-441E-B5E7-D60C8DC28CB2}"
EndProject
Project("{D954291E-2A0B-460D-934E-DC6B0785DB48}") = "Dynacoop.Logistics.SharedProject", "Tcc.Dynacoop.Equipe4.SharedProject\Dynacoop.Logistics.SharedProject.shproj", "{E88D578D-020A-44ED-BF1D-9C8C37D680D1}"
EndProject
Project("{FAE04EC0-301F-11D3-BF4B-00C04F79EFBC}") = "Dynacoop.Logistics.Customization", "Tcc.Dynacoop.Equipe4.Customization\Dynacoop.Logistics.Customization.csproj", "{281F51C2-2A03-4B58-A9A9-C5942B6A471C}"
EndProject
Project("{FAE04EC0-301F-11D3-BF4B-00C04F79EFBC}") = "ConsoleApp-Testes", "ConsoleApp-Testes\ConsoleApp-Testes.csproj", "{25396C6D-1428-4E26-B071-303EA26A4433}"
EndProject
Global
	GlobalSection(SolutionConfigurationPlatforms) = preSolution
		Debug|Any CPU = Debug|Any CPU
		Release|Any CPU = Release|Any CPU
	EndGlobalSection
	GlobalSection(ProjectConfigurationPlatforms) = postSolution
		{27B54BE2-4738-441E-B5E7-D60C8DC28CB2}.Debug|Any CPU.ActiveCfg = Debug|Any CPU
		{27B54BE2-4738-441E-B5E7-D60C8DC28CB2}.Debug|Any CPU.Build.0 = Debug|Any CPU
		{27B54BE2-4738-441E-B5E7-D60C8DC28CB2}.Release|Any CPU.ActiveCfg = Release|Any CPU
		{27B54BE2-4738-441E-B5E7-D60C8DC28CB2}.Release|Any CPU.Build.0 = Release|Any CPU
		{281F51C2-2A03-4B58-A9A9-C5942B6A471C}.Debug|Any CPU.ActiveCfg = Debug|Any CPU
		{281F51C2-2A03-4B58-A9A9-C5942B6A471C}.Debug|Any CPU.Build.0 = Debug|Any CPU
		{281F51C2-2A03-4B58-A9A9-C5942B6A471C}.Release|Any CPU.ActiveCfg = Release|Any CPU
		{281F51C2-2A03-4B58-A9A9-C5942B6A471C}.Release|Any CPU.Build.0 = Release|Any CPU
		{25396C6D-1428-4E26-B071-303EA26A4433}.Debug|Any CPU.ActiveCfg = Debug|Any CPU
		{25396C6D-1428-4E26-B071-303EA26A4433}.Debug|Any CPU.Build.0 = Debug|Any CPU
		{25396C6D-1428-4E26-B071-303EA26A4433}.Release|Any CPU.ActiveCfg = Release|Any CPU
		{25396C6D-1428-4E26-B071-303EA26A4433}.Release|Any CPU.Build.0 = Release|Any CPU
	EndGlobalSection
	GlobalSection(SolutionProperties) = preSolution
		HideSolutionNode = FALSE
	EndGlobalSection
	GlobalSection(ExtensibilityGlobals) = postSolution
		SolutionGuid = {12D56CE1-0C09-4C73-8267-B621A0D29761}
	EndGlobalSection
	GlobalSection(SharedMSBuildProjectFiles) = preSolution
		Tcc.Dynacoop.Equipe4.SharedProject\Tcc.Dynacoop.Equipe4.SharedProject.projitems*{27b54be2-4738-441e-b5e7-d60c8dc28cb2}*SharedItemsImports = 4
		Tcc.Dynacoop.Equipe4.SharedProject\Tcc.Dynacoop.Equipe4.SharedProject.projitems*{e88d578d-020a-44ed-bf1d-9c8c37d680d1}*SharedItemsImports = 13
	EndGlobalSection
EndGlobal
